{
  "name": "website",
  "version": "1.0.0",
  "lockfileVersion": 1,
  "requires": true,
  "dependencies": {
    "glob": {
      "version": "7.1.2",
      "resolved": "http://registry.npm.taobao.org/glob/download/glob-7.1.2.tgz",
      "dev": true,
      "requires": {
        "fs.realpath": "1.0.0",
        "inflight": "1.0.6",
        "inherits": "2.0.3",
        "minimatch": "3.0.4",
        "once": "1.4.0",
        "path-is-absolute": "1.0.1"
      },
      "dependencies": {
        "fs.realpath": {
          "version": "1.0.0",
          "bundled": true,
          "dev": true
        },
        "inflight": {
          "version": "1.0.6",
          "bundled": true,
          "dev": true,
          "requires": {
            "once": "1.4.0",
            "wrappy": "1.0.2"
          },
          "dependencies": {
            "once": {
              "version": "1.4.0",
              "bundled": true,
              "dev": true,
              "requires": {
                "wrappy": "1.0.2"
              },
              "dependencies": {
                "wrappy": {
                  "version": "1.0.2",
                  "resolved": "http://registry.npm.taobao.org/wrappy/download/wrappy-1.0.2.tgz",
                  "dev": true
                }
              }
            },
            "wrappy": {
              "version": "1.0.2",
              "bundled": true,
              "dev": true
            }
          }
        },
        "inherits": {
          "version": "2.0.3",
          "bundled": true,
          "dev": true
        },
        "minimatch": {
          "version": "3.0.4",
          "bundled": true,
          "dev": true,
          "requires": {
            "brace-expansion": "1.1.8"
          },
          "dependencies": {
            "brace-expansion": {
              "version": "1.1.8",
              "bundled": true,
              "dev": true,
              "requires": {
                "balanced-match": "1.0.0",
                "concat-map": "0.0.1"
              },
              "dependencies": {
                "balanced-match": {
                  "version": "1.0.0",
                  "bundled": true,
                  "dev": true
                },
                "concat-map": {
                  "version": "0.0.1",
                  "bundled": true,
                  "dev": true
                }
              }
            }
          }
        },
        "once": {
          "version": "1.4.0",
          "bundled": true,
          "dev": true,
          "requires": {
            "wrappy": "1.0.2"
          },
          "dependencies": {
            "wrappy": {
              "version": "1.0.2",
              "resolved": "http://registry.npm.taobao.org/wrappy/download/wrappy-1.0.2.tgz",
              "dev": true
            }
          }
        },
        "path-is-absolute": {
          "version": "1.0.1",
          "bundled": true,
          "dev": true
        }
      }
    }
  }
}
